
Microsoft Visual Studio Solution File, Format Version 12.00
# Visual Studio Version 17
VisualStudioVersion = 17.0.31903.59
MinimumVisualStudioVersion = 10.0.40219.1
Project("{2150E333-8FDC-42A3-9474-1A3956D46DE8}") = "src", "src", "{636C95F7-E5BB-41F8-84D4-B07D91064835}"
EndProject
Project("{FAE04EC0-301F-11D3-BF4B-00C04F79EFBC}") = "TapBpm", "src\TapBpm\TapBpm.csproj", "{3334038B-3729-4BDB-8E3A-13F99567A0B8}"
EndProject
Project("{2150E333-8FDC-42A3-9474-1A3956D46DE8}") = "tests", "tests", "{05C5E520-0034-45B1-8883-F549FDD3FEF5}"
EndProject
Project("{FAE04EC0-301F-11D3-BF4B-00C04F79EFBC}") = "TapBpm.Tests", "tests\TapBpm.Tests\TapBpm.Tests.csproj", "{9AF40094-2991-4EED-A224-A47D006D8AD9}"
EndProject
Global
	GlobalSection(SolutionConfigurationPlatforms) = preSolution
		Debug|Any CPU = Debug|Any CPU
		Release|Any CPU = Release|Any CPU
	EndGlobalSection
	GlobalSection(SolutionProperties) = preSolution
		HideSolutionNode = FALSE
	EndGlobalSection
	GlobalSection(ProjectConfigurationPlatforms) = postSolution
		{3334038B-3729-4BDB-8E3A-13F99567A0B8}.Debug|Any CPU.ActiveCfg = Debug|Any CPU
		{3334038B-3729-4BDB-8E3A-13F99567A0B8}.Debug|Any CPU.Build.0 = Debug|Any CPU
		{3334038B-3729-4BDB-8E3A-13F99567A0B8}.Release|Any CPU.ActiveCfg = Release|Any CPU
		{3334038B-3729-4BDB-8E3A-13F99567A0B8}.Release|Any CPU.Build.0 = Release|Any CPU
		{9AF40094-2991-4EED-A224-A47D006D8AD9}.Debug|Any CPU.ActiveCfg = Debug|Any CPU
		{9AF40094-2991-4EED-A224-A47D006D8AD9}.Debug|Any CPU.Build.0 = Debug|Any CPU
		{9AF40094-2991-4EED-A224-A47D006D8AD9}.Release|Any CPU.ActiveCfg = Release|Any CPU
		{9AF40094-2991-4EED-A224-A47D006D8AD9}.Release|Any CPU.Build.0 = Release|Any CPU
	EndGlobalSection
	GlobalSection(NestedProjects) = preSolution
		{3334038B-3729-4BDB-8E3A-13F99567A0B8} = {636C95F7-E5BB-41F8-84D4-B07D91064835}
		{9AF40094-2991-4EED-A224-A47D006D8AD9} = {05C5E520-0034-45B1-8883-F549FDD3FEF5}
	EndGlobalSection
EndGlobal
